// !$*UTF8*$!
{
	archiveVersion = 1;
	classes = {
	};
	objectVersion = 51;
	objects = {

/* Begin PBXBuildFile section */
		0FC373E5F63F9CD5A25B477F /* Pods_QRCode.framework in Frameworks */ = {isa = PBXBuildFile; fileRef = E6A77F79CB2BCC582974D666 /* Pods_QRCode.framework */; };
		8A0058B1257BD6AF003011D9 /* QRCameraController.swift in Sources */ = {isa = PBXBuildFile; fileRef = 8A0058B0257BD6AF003011D9 /* QRCameraController.swift */; };
		8A0058B4257BD6C9003011D9 /* QRGeneratorController.swift in Sources */ = {isa = PBXBuildFile; fileRef = 8A0058B3257BD6C9003011D9 /* QRGeneratorController.swift */; };
		8AF800E22575FD0A0051548E /* AppDelegate.swift in Sources */ = {isa = PBXBuildFile; fileRef = 8AF800E12575FD0A0051548E /* AppDelegate.swift */; };
		8AF800E42575FD0A0051548E /* SceneDelegate.swift in Sources */ = {isa = PBXBuildFile; fileRef = 8AF800E32575FD0A0051548E /* SceneDelegate.swift */; };
		8AF800E62575FD0A0051548E /* ViewController.swift in Sources */ = {isa = PBXBuildFile; fileRef = 8AF800E52575FD0A0051548E /* ViewController.swift */; };
		8AF800E92575FD0A0051548E /* Main.storyboard in Resources */ = {isa = PBXBuildFile; fileRef = 8AF800E72575FD0A0051548E /* Main.storyboard */; };
		8AF800EB2575FD0B0051548E /* Assets.xcassets in Resources */ = {isa = PBXBuildFile; fileRef = 8AF800EA2575FD0B0051548E /* Assets.xcassets */; };
		8AF800EE2575FD0B0051548E /* LaunchScreen.storyboard in Resources */ = {isa = PBXBuildFile; fileRef = 8AF800EC2575FD0B0051548E /* LaunchScreen.storyboard */; };
/* End PBXBuildFile section */

/* Begin PBXFileReference section */
		495482A2526249663D16366D /* Pods-QRCode.release.xcconfig */ = {isa = PBXFileReference; includeInIndex = 1; lastKnownFileType = text.xcconfig; name = "Pods-QRCode.release.xcconfig"; path = "Target Support Files/Pods-QRCode/Pods-QRCode.release.xcconfig"; sourceTree = "<group>"; };
		5ABE21327BC83603C352A560 /* Pods-QRCode.debug.xcconfig */ = {isa = PBXFileReference; includeInIndex = 1; lastKnownFileType = text.xcconfig; name = "Pods-QRCode.debug.xcconfig"; path = "Target Support Files/Pods-QRCode/Pods-QRCode.debug.xcconfig"; sourceTree = "<group>"; };
		8A0058B0257BD6AF003011D9 /* QRCameraController.swift */ = {isa = PBXFileReference; lastKnownFileType = sourcecode.swift; path = QRCameraController.swift; sourceTree = "<group>"; };
		8A0058B3257BD6C9003011D9 /* QRGeneratorController.swift */ = {isa = PBXFileReference; lastKnownFileType = sourcecode.swift; path = QRGeneratorController.swift; sourceTree = "<group>"; };
		8AF800DE2575FD0A0051548E /* QRCode.app */ = {isa = PBXFileReference; explicitFileType = wrapper.application; includeInIndex = 0; path = QRCode.app; sourceTree = BUILT_PRODUCTS_DIR; };
		8AF800E12575FD0A0051548E /* AppDelegate.swift */ = {isa = PBXFileReference; lastKnownFileType = sourcecode.swift; path = AppDelegate.swift; sourceTree = "<group>"; };
		8AF800E32575FD0A0051548E /* SceneDelegate.swift */ = {isa = PBXFileReference; lastKnownFileType = sourcecode.swift; path = SceneDelegate.swift; sourceTree = "<group>"; };
		8AF800E52575FD0A0051548E /* ViewController.swift */ = {isa = PBXFileReference; lastKnownFileType = sourcecode.swift; path = ViewController.swift; sourceTree = "<group>"; };
		8AF800E82575FD0A0051548E /* Base */ = {isa = PBXFileReference; lastKnownFileType = file.storyboard; name = Base; path = Base.lproj/Main.storyboard; sourceTree = "<group>"; };
		8AF800EA2575FD0B0051548E /* Assets.xcassets */ = {isa = PBXFileReference; lastKnownFileType = folder.assetcatalog; path = Assets.xcassets; sourceTree = "<group>"; };
		8AF800ED2575FD0B0051548E /* Base */ = {isa = PBXFileReference; lastKnownFileType = file.storyboard; name = Base; path = Base.lproj/LaunchScreen.storyboard; sourceTree = "<group>"; };
		8AF800EF2575FD0B0051548E /* Info.plist */ = {isa = PBXFileReference; lastKnownFileType = text.plist.xml; path = Info.plist; sourceTree = "<group>"; };
		E6A77F79CB2BCC582974D666 /* Pods_QRCode.framework */ = {isa = PBXFileReference; explicitFileType = wrapper.framework; includeInIndex = 0; path = Pods_QRCode.framework; sourceTree = BUILT_PRODUCTS_DIR; };
/* End PBXFileReference section */

/* Begin PBXFrameworksBuildPhase section */
		8AF800DB2575FD0A0051548E /* Frameworks */ = {
			isa = PBXFrameworksBuildPhase;
			buildActionMask = 2147483647;
			files = (
				0FC373E5F63F9CD5A25B477F /* Pods_QRCode.framework in Frameworks */,
			);
			runOnlyForDeploymentPostprocessing = 0;
		};
/* End PBXFrameworksBuildPhase section */

/* Begin PBXGroup section */
		31FCC7237DC825AD3F73A3A3 /* Frameworks */ = {
			isa = PBXGroup;
			children = (
				E6A77F79CB2BCC582974D666 /* Pods_QRCode.framework */,
			);
			name = Frameworks;
			sourceTree = "<group>";
		};
		759814834850219E43903B12 /* Pods */ = {
			isa = PBXGroup;
			children = (
				5ABE21327BC83603C352A560 /* Pods-QRCode.debug.xcconfig */,
				495482A2526249663D16366D /* Pods-QRCode.release.xcconfig */,
			);
			path = Pods;
			sourceTree = "<group>";
		};
		8A0058A5257BD0EB003011D9 /* Storyboard */ = {
			isa = PBXGroup;
			children = (
				8AF800E72575FD0A0051548E /* Main.storyboard */,
			);
			path = Storyboard;
			sourceTree = "<group>";
		};
		8A0058A6257BD0F9003011D9 /* Controller */ = {
			isa = PBXGroup;
			children = (
				8AF800E52575FD0A0051548E /* ViewController.swift */,
				8A0058B0257BD6AF003011D9 /* QRCameraController.swift */,
				8A0058B3257BD6C9003011D9 /* QRGeneratorController.swift */,
			);
			path = Controller;
			sourceTree = "<group>";
		};
		8AF800D52575FD0A0051548E = {
			isa = PBXGroup;
			children = (
				8AF800E02575FD0A0051548E /* QRCode */,
				8AF800DF2575FD0A0051548E /* Products */,
				759814834850219E43903B12 /* Pods */,
				31FCC7237DC825AD3F73A3A3 /* Frameworks */,
			);
			sourceTree = "<group>";
		};
		8AF800DF2575FD0A0051548E /* Products */ = {
			isa = PBXGroup;
			children = (
				8AF800DE2575FD0A0051548E /* QRCode.app */,
			);
			name = Products;
			sourceTree = "<group>";
		};
		8AF800E02575FD0A0051548E /* QRCode */ = {
			isa = PBXGroup;
			children = (
				8A0058A6257BD0F9003011D9 /* Controller */,
				8A0058A5257BD0EB003011D9 /* Storyboard */,
				8AF800E12575FD0A0051548E /* AppDelegate.swift */,
				8AF800E32575FD0A0051548E /* SceneDelegate.swift */,
				8AF800EA2575FD0B0051548E /* Assets.xcassets */,
				8AF800EC2575FD0B0051548E /* LaunchScreen.storyboard */,
				8AF800EF2575FD0B0051548E /* Info.plist */,
			);
			path = QRCode;
			sourceTree = "<group>";
		};
/* End PBXGroup section */

/* Begin PBXNativeTarget section */
		8AF800DD2575FD0A0051548E /* QRCode */ = {
			isa = PBXNativeTarget;
			buildConfigurationList = 8AF800F22575FD0B0051548E /* Build configuration list for PBXNativeTarget "QRCode" */;
			buildPhases = (
				105E3F8782AE10C0878756C6 /* [CP] Check Pods Manifest.lock */,
				8AF800DA2575FD0A0051548E /* Sources */,
				8AF800DB2575FD0A0051548E /* Frameworks */,
				8AF800DC2575FD0A0051548E /* Resources */,
				DA5D7C318404CD85350AF2DE /* [CP] Embed Pods Frameworks */,
			);
			buildRules = (
			);
			dependencies = (
			);
			name = QRCode;
			productName = QRCode;
			productReference = 8AF800DE2575FD0A0051548E /* QRCode.app */;
			productType = "com.apple.product-type.application";
		};
/* End PBXNativeTarget section */

/* Begin PBXProject section */
		8AF800D62575FD0A0051548E /* Project object */ = {
			isa = PBXProject;
			attributes = {
				LastSwiftUpdateCheck = 1220;
				LastUpgradeCheck = 1220;
				TargetAttributes = {
					8AF800DD2575FD0A0051548E = {
						CreatedOnToolsVersion = 12.2;
					};
				};
			};
			buildConfigurationList = 8AF800D92575FD0A0051548E /* Build configuration list for PBXProject "QRCode" */;
			compatibilityVersion = "Xcode 9.3";
			developmentRegion = en;
			hasScannedForEncodings = 0;
			knownRegions = (
				en,
				Base,
			);
			mainGroup = 8AF800D52575FD0A0051548E;
			productRefGroup = 8AF800DF2575FD0A0051548E /* Products */;
			projectDirPath = "";
			projectRoot = "";
			targets = (
				8AF800DD2575FD0A0051548E /* QRCode */,
			);
		};
/* End PBXProject section */

/* Begin PBXResourcesBuildPhase section */
		8AF800DC2575FD0A0051548E /* Resources */ = {
			isa = PBXResourcesBuildPhase;
			buildActionMask = 2147483647;
			files = (
				8AF800EE2575FD0B0051548E /* LaunchScreen.storyboard in Resources */,
				8AF800EB2575FD0B0051548E /* Assets.xcassets in Resources */,
				8AF800E92575FD0A0051548E /* Main.storyboard in Resources */,
			);
			runOnlyForDeploymentPostprocessing = 0;
		};
/* End PBXResourcesBuildPhase section */

/* Begin PBXShellScriptBuildPhase section */
		105E3F8782AE10C0878756C6 /* [CP] Check Pods Manifest.lock */ = {
			isa = PBXShellScriptBuildPhase;
			buildActionMask = 2147483647;
			files = (
			);
			inputFileListPaths = (
			);
			inputPaths = (
				"${PODS_PODFILE_DIR_PATH}/Podfile.lock",
				"${PODS_ROOT}/Manifest.lock",
			);
			name = "[CP] Check Pods Manifest.lock";
			outputFileListPaths = (
			);
			outputPaths = (
				"$(DERIVED_FILE_DIR)/Pods-QRCode-checkManifestLockResult.txt",
			);
			runOnlyForDeploymentPostprocessing = 0;
			shellPath = /bin/sh;
			shellScript = "diff \"${PODS_PODFILE_DIR_PATH}/Podfile.lock\" \"${PODS_ROOT}/Manifest.lock\" > /dev/null\nif [ $? != 0 ] ; then\n    # print error to STDERR\n    echo \"error: The sandbox is not in sync with the Podfile.lock. Run 'pod install' or update your CocoaPods installation.\" >&2\n    exit 1\nfi\n# This output is used by Xcode 'outputs' to avoid re-running this script phase.\necho \"SUCCESS\" > \"${SCRIPT_OUTPUT_FILE_0}\"\n";
			showEnvVarsInLog = 0;
		};
		DA5D7C318404CD85350AF2DE /* [CP] Embed Pods Frameworks */ = {
			isa = PBXShellScriptBuildPhase;
			buildActionMask = 2147483647;
			files = (
			);
			inputFileListPaths = (
				"${PODS_ROOT}/Target Support Files/Pods-QRCode/Pods-QRCode-frameworks-${CONFIGURATION}-input-files.xcfilelist",
			);
			name = "[CP] Embed Pods Frameworks";
			outputFileListPaths = (
				"${PODS_ROOT}/Target Support Files/Pods-QRCode/Pods-QRCode-frameworks-${CONFIGURATION}-output-files.xcfilelist",
			);
			runOnlyForDeploymentPostprocessing = 0;
			shellPath = /bin/sh;
			shellScript = "\"${PODS_ROOT}/Target Support Files/Pods-QRCode/Pods-QRCode-frameworks.sh\"\n";
			showEnvVarsInLog = 0;
		};
/* End PBXShellScriptBuildPhase section */

/* Begin PBXSourcesBuildPhase section */
		8AF800DA2575FD0A0051548E /* Sources */ = {
			isa = PBXSourcesBuildPhase;
			buildActionMask = 2147483647;
			files = (
				8AF800E62575FD0A0051548E /* ViewController.swift in Sources */,
				8AF800E22575FD0A0051548E /* AppDelegate.swift in Sources */,
				8AF800E42575FD0A0051548E /* SceneDelegate.swift in Sources */,
				8A0058B1257BD6AF003011D9 /* QRCameraController.swift in Sources */,
				8A0058B4257BD6C9003011D9 /* QRGeneratorController.swift in Sources */,
			);
			runOnlyForDeploymentPostprocessing = 0;
		};
/* End PBXSourcesBuildPhase section */

/* Begin PBXVariantGroup section */
		8AF800E72575FD0A0051548E /* Main.storyboard */ = {
			isa = PBXVariantGroup;
			children = (
				8AF800E82575FD0A0051548E /* Base */,
			);
			name = Main.storyboard;
			sourceTree = "<group>";
		};
		8AF800EC2575FD0B0051548E /* LaunchScreen.storyboard */ = {
			isa = PBXVariantGroup;
			children = (
				8AF800ED2575FD0B0051548E /* Base */,
			);
			name = LaunchScreen.storyboard;
			sourceTree = "<group>";
		};
/* End PBXVariantGroup section */

/* Begin XCBuildConfiguration section */
		8AF800F02575FD0B0051548E /* Debug */ = {
			isa = XCBuildConfiguration;
			buildSettings = {
				ALWAYS_SEARCH_USER_PATHS = NO;
				CLANG_ANALYZER_NONNULL = YES;
				CLANG_ANALYZER_NUMBER_OBJECT_CONVERSION = YES_AGGRESSIVE;
				CLANG_CXX_LANGUAGE_STANDARD = "gnu++14";
				CLANG_CXX_LIBRARY = "libc++";
				CLANG_ENABLE_MODULES = YES;
				CLANG_ENABLE_OBJC_ARC = YES;
				CLANG_ENABLE_OBJC_WEAK = YES;
				CLANG_WARN_BLOCK_CAPTURE_AUTORELEASING = YES;
				CLANG_WARN_BOOL_CONVERSION = YES;
				CLANG_WARN_COMMA = YES;
				CLANG_WARN_CONSTANT_CONVERSION = YES;
				CLANG_WARN_DEPRECATED_OBJC_IMPLEMENTATIONS = YES;
				CLANG_WARN_DIRECT_OBJC_ISA_USAGE = YES_ERROR;
				CLANG_WARN_DOCUMENTATION_COMMENTS = YES;
				CLANG_WARN_EMPTY_BODY = YES;
				CLANG_WARN_ENUM_CONVERSION = YES;
				CLANG_WARN_INFINITE_RECURSION = YES;
				CLANG_WARN_INT_CONVERSION = YES;
				CLANG_WARN_NON_LITERAL_NULL_CONVERSION = YES;
				CLANG_WARN_OBJC_IMPLICIT_RETAIN_SELF = YES;
				CLANG_WARN_OBJC_LITERAL_CONVERSION = YES;
				CLANG_WARN_OBJC_ROOT_CLASS = YES_ERROR;
				CLANG_WARN_QUOTED_INCLUDE_IN_FRAMEWORK_HEADER = YES;
				CLANG_WARN_RANGE_LOOP_ANALYSIS = YES;
				CLANG_WARN_STRICT_PROTOTYPES = YES;
				CLANG_WARN_SUSPICIOUS_MOVE = YES;
				CLANG_WARN_UNGUARDED_AVAILABILITY = YES_AGGRESSIVE;
				CLANG_WARN_UNREACHABLE_CODE = YES;
				CLANG_WARN__DUPLICATE_METHOD_MATCH = YES;
				COPY_PHASE_STRIP = NO;
				DEBUG_INFORMATION_FORMAT = dwarf;
				ENABLE_STRICT_OBJC_MSGSEND = YES;
				ENABLE_TESTABILITY = YES;
				GCC_C_LANGUAGE_STANDARD = gnu11;
				GCC_DYNAMIC_NO_PIC = NO;
				GCC_NO_COMMON_BLOCKS = YES;
				GCC_OPTIMIZATION_LEVEL = 0;
				GCC_PREPROCESSOR_DEFINITIONS = (
					"DEBUG=1",
					"$(inherited)",
				);
				GCC_WARN_64_TO_32_BIT_CONVERSION = YES;
				GCC_WARN_ABOUT_RETURN_TYPE = YES_ERROR;
				GCC_WARN_UNDECLARED_SELECTOR = YES;
				GCC_WARN_UNINITIALIZED_AUTOS = YES_AGGRESSIVE;
				GCC_WARN_UNUSED_FUNCTION = YES;
				GCC_WARN_UNUSED_VARIABLE = YES;
				IPHONEOS_DEPLOYMENT_TARGET = 14.2;
				MTL_ENABLE_DEBUG_INFO = INCLUDE_SOURCE;
				MTL_FAST_MATH = YES;
				ONLY_ACTIVE_ARCH = YES;
				SDKROOT = iphoneos;
				SWIFT_ACTIVE_COMPILATION_CONDITIONS = DEBUG;
				SWIFT_OPTIMIZATION_LEVEL = "-Onone";
			};
			name = Debug;
		};
		8AF800F12575FD0B0051548E /* Release */ = {
			isa = XCBuildConfiguration;
			buildSettings = {
				ALWAYS_SEARCH_USER_PATHS = NO;
				CLANG_ANALYZER_NONNULL = YES;
				CLANG_ANALYZER_NUMBER_OBJECT_CONVERSION = YES_AGGRESSIVE;
				CLANG_CXX_LANGUAGE_STANDARD = "gnu++14";
				CLANG_CXX_LIBRARY = "libc++";
				CLANG_ENABLE_MODULES = YES;
				CLANG_ENABLE_OBJC_ARC = YES;
				CLANG_ENABLE_OBJC_WEAK = YES;
				CLANG_WARN_BLOCK_CAPTURE_AUTORELEASING = YES;
				CLANG_WARN_BOOL_CONVERSION = YES;
				CLANG_WARN_COMMA = YES;
				CLANG_WARN_CONSTANT_CONVERSION = YES;
				CLANG_WARN_DEPRECATED_OBJC_IMPLEMENTATIONS = YES;
				CLANG_WARN_DIRECT_OBJC_ISA_USAGE = YES_ERROR;
				CLANG_WARN_DOCUMENTATION_COMMENTS = YES;
				CLANG_WARN_EMPTY_BODY = YES;
				CLANG_WARN_ENUM_CONVERSION = YES;
				CLANG_WARN_INFINITE_RECURSION = YES;
				CLANG_WARN_INT_CONVERSION = YES;
				CLANG_WARN_NON_LITERAL_NULL_CONVERSION = YES;
				CLANG_WARN_OBJC_IMPLICIT_RETAIN_SELF = YES;
				CLANG_WARN_OBJC_LITERAL_CONVERSION = YES;
				CLANG_WARN_OBJC_ROOT_CLASS = YES_ERROR;
				CLANG_WARN_QUOTED_INCLUDE_IN_FRAMEWORK_HEADER = YES;
				CLANG_WARN_RANGE_LOOP_ANALYSIS = YES;
				CLANG_WARN_STRICT_PROTOTYPES = YES;
				CLANG_WARN_SUSPICIOUS_MOVE = YES;
				CLANG_WARN_UNGUARDED_AVAILABILITY = YES_AGGRESSIVE;
				CLANG_WARN_UNREACHABLE_CODE = YES;
				CLANG_WARN__DUPLICATE_METHOD_MATCH = YES;
				COPY_PHASE_STRIP = NO;
				DEBUG_INFORMATION_FORMAT = "dwarf-with-dsym";
				ENABLE_NS_ASSERTIONS = NO;
				ENABLE_STRICT_OBJC_MSGSEND = YES;
				GCC_C_LANGUAGE_STANDARD = gnu11;
				GCC_NO_COMMON_BLOCKS = YES;
				GCC_WARN_64_TO_32_BIT_CONVERSION = YES;
				GCC_WARN_ABOUT_RETURN_TYPE = YES_ERROR;
				GCC_WARN_UNDECLARED_SELECTOR = YES;
				GCC_WARN_UNINITIALIZED_AUTOS = YES_AGGRESSIVE;
				GCC_WARN_UNUSED_FUNCTION = YES;
				GCC_WARN_UNUSED_VARIABLE = YES;
				IPHONEOS_DEPLOYMENT_TARGET = 14.2;
				MTL_ENABLE_DEBUG_INFO = NO;
				MTL_FAST_MATH = YES;
				SDKROOT = iphoneos;
				SWIFT_COMPILATION_MODE = wholemodule;
				SWIFT_OPTIMIZATION_LEVEL = "-O";
				VALIDATE_PRODUCT = YES;
			};
			name = Release;
		};
		8AF800F32575FD0B0051548E /* Debug */ = {
			isa = XCBuildConfiguration;
			baseConfigurationReference = 5ABE21327BC83603C352A560 /* Pods-QRCode.debug.xcconfig */;
			buildSettings = {
				ASSETCATALOG_COMPILER_APPICON_NAME = AppIcon;
				ASSETCATALOG_COMPILER_GLOBAL_ACCENT_COLOR_NAME = AccentColor;
				CODE_SIGN_STYLE = Automatic;
				INFOPLIST_FILE = QRCode/Info.plist;
				LD_RUNPATH_SEARCH_PATHS = (
					"$(inherited)",
					"@executable_path/Frameworks",
				);
				PRODUCT_BUNDLE_IDENTIFIER = sg.mad2.QRCode;
				PRODUCT_NAME = "$(TARGET_NAME)";
				SWIFT_VERSION = 5.0;
				TARGETED_DEVICE_FAMILY = "1,2";
			};
			name = Debug;
		};
		8AF800F42575FD0B0051548E /* Release */ = {
			isa = XCBuildConfiguration;
			baseConfigurationReference = 495482A2526249663D16366D /* Pods-QRCode.release.xcconfig */;
			buildSettings = {
				ASSETCATALOG_COMPILER_APPICON_NAME = AppIcon;
				ASSETCATALOG_COMPILER_GLOBAL_ACCENT_COLOR_NAME = AccentColor;
				CODE_SIGN_STYLE = Automatic;
				INFOPLIST_FILE = QRCode/Info.plist;
				LD_RUNPATH_SEARCH_PATHS = (
					"$(inherited)",
					"@executable_path/Frameworks",
				);
				PRODUCT_BUNDLE_IDENTIFIER = sg.mad2.QRCode;
				PRODUCT_NAME = "$(TARGET_NAME)";
				SWIFT_VERSION = 5.0;
				TARGETED_DEVICE_FAMILY = "1,2";
			};
			name = Release;
		};
/* End XCBuildConfiguration section */

/* Begin XCConfigurationList section */
		8AF800D92575FD0A0051548E /* Build configuration list for PBXProject "QRCode" */ = {
			isa = XCConfigurationList;
			buildConfigurations = (
				8AF800F02575FD0B0051548E /* Debug */,
				8AF800F12575FD0B0051548E /* Release */,
			);
			defaultConfigurationIsVisible = 0;
			defaultConfigurationName = Release;
		};
		8AF800F22575FD0B0051548E /* Build configuration list for PBXNativeTarget "QRCode" */ = {
			isa = XCConfigurationList;
			buildConfigurations = (
				8AF800F32575FD0B0051548E /* Debug */,
				8AF800F42575FD0B0051548E /* Release */,
			);
			defaultConfigurationIsVisible = 0;
			defaultConfigurationName = Release;
		};
/* End XCConfigurationList section */
	};
	rootObject = 8AF800D62575FD0A0051548E /* Project object */;
}
