// !$*UTF8*$!
{
	archiveVersion = 1;
	classes = {
	};
	objectVersion = 50;
	objects = {

/* Begin PBXBuildFile section */
		8A3E7397255C2E150044EEFA /* Content.storyboard in Resources */ = {isa = PBXBuildFile; fileRef = 8A3E7396255C2E150044EEFA /* Content.storyboard */; };
		8A3E739A255C30F30044EEFA /* AddContactViewController.swift in Sources */ = {isa = PBXBuildFile; fileRef = 8A3E7399255C30F30044EEFA /* AddContactViewController.swift */; };
		8A4909EC255CC2D30047F21E /* Contact.swift in Sources */ = {isa = PBXBuildFile; fileRef = 8A4909EB255CC2D30047F21E /* Contact.swift */; };
		8A4909F3255CC6E60047F21E /* ShowContactViewController.swift in Sources */ = {isa = PBXBuildFile; fileRef = 8A4909F2255CC6E60047F21E /* ShowContactViewController.swift */; };
		8ABB2647256CA05000095982 /* Telegramme.xcdatamodeld in Sources */ = {isa = PBXBuildFile; fileRef = 8ABB2645256CA05000095982 /* Telegramme.xcdatamodeld */; };
		8ABB264A256CA48600095982 /* ContactController.swift in Sources */ = {isa = PBXBuildFile; fileRef = 8ABB2649256CA48600095982 /* ContactController.swift */; };
		8AD389B6256F49450011308D /* FriendController.swift in Sources */ = {isa = PBXBuildFile; fileRef = 8AD389B5256F49450011308D /* FriendController.swift */; };
		8AD389B9256F49930011308D /* Friend.swift in Sources */ = {isa = PBXBuildFile; fileRef = 8AD389B8256F49930011308D /* Friend.swift */; };
		8AD389BC256F4A0C0011308D /* Message.swift in Sources */ = {isa = PBXBuildFile; fileRef = 8AD389BB256F4A0C0011308D /* Message.swift */; };
		8AEAC737255C294100878D00 /* AppDelegate.swift in Sources */ = {isa = PBXBuildFile; fileRef = 8AEAC736255C294100878D00 /* AppDelegate.swift */; };
		8AEAC739255C294100878D00 /* SceneDelegate.swift in Sources */ = {isa = PBXBuildFile; fileRef = 8AEAC738255C294100878D00 /* SceneDelegate.swift */; };
		8AEAC73B255C294100878D00 /* ViewController.swift in Sources */ = {isa = PBXBuildFile; fileRef = 8AEAC73A255C294100878D00 /* ViewController.swift */; };
		8AEAC73E255C294100878D00 /* Main.storyboard in Resources */ = {isa = PBXBuildFile; fileRef = 8AEAC73C255C294100878D00 /* Main.storyboard */; };
		8AEAC740255C294300878D00 /* Assets.xcassets in Resources */ = {isa = PBXBuildFile; fileRef = 8AEAC73F255C294300878D00 /* Assets.xcassets */; };
		8AEAC743255C294300878D00 /* LaunchScreen.storyboard in Resources */ = {isa = PBXBuildFile; fileRef = 8AEAC741255C294300878D00 /* LaunchScreen.storyboard */; };
/* End PBXBuildFile section */

/* Begin PBXFileReference section */
		8A3E7396255C2E150044EEFA /* Content.storyboard */ = {isa = PBXFileReference; lastKnownFileType = file.storyboard; path = Content.storyboard; sourceTree = "<group>"; };
		8A3E7399255C30F30044EEFA /* AddContactViewController.swift */ = {isa = PBXFileReference; lastKnownFileType = sourcecode.swift; path = AddContactViewController.swift; sourceTree = "<group>"; };
		8A4909EB255CC2D30047F21E /* Contact.swift */ = {isa = PBXFileReference; lastKnownFileType = sourcecode.swift; path = Contact.swift; sourceTree = "<group>"; };
		8A4909F2255CC6E60047F21E /* ShowContactViewController.swift */ = {isa = PBXFileReference; lastKnownFileType = sourcecode.swift; path = ShowContactViewController.swift; sourceTree = "<group>"; };
		8ABB2646256CA05000095982 /* Telegramme.xcdatamodel */ = {isa = PBXFileReference; lastKnownFileType = wrapper.xcdatamodel; path = Telegramme.xcdatamodel; sourceTree = "<group>"; };
		8ABB2649256CA48600095982 /* ContactController.swift */ = {isa = PBXFileReference; lastKnownFileType = sourcecode.swift; path = ContactController.swift; sourceTree = "<group>"; };
		8AD389B5256F49450011308D /* FriendController.swift */ = {isa = PBXFileReference; lastKnownFileType = sourcecode.swift; path = FriendController.swift; sourceTree = "<group>"; };
		8AD389B8256F49930011308D /* Friend.swift */ = {isa = PBXFileReference; lastKnownFileType = sourcecode.swift; path = Friend.swift; sourceTree = "<group>"; };
		8AD389BB256F4A0C0011308D /* Message.swift */ = {isa = PBXFileReference; lastKnownFileType = sourcecode.swift; path = Message.swift; sourceTree = "<group>"; };
		8AEAC733255C294100878D00 /* Telegramme.app */ = {isa = PBXFileReference; explicitFileType = wrapper.application; includeInIndex = 0; path = Telegramme.app; sourceTree = BUILT_PRODUCTS_DIR; };
		8AEAC736255C294100878D00 /* AppDelegate.swift */ = {isa = PBXFileReference; lastKnownFileType = sourcecode.swift; path = AppDelegate.swift; sourceTree = "<group>"; };
		8AEAC738255C294100878D00 /* SceneDelegate.swift */ = {isa = PBXFileReference; lastKnownFileType = sourcecode.swift; path = SceneDelegate.swift; sourceTree = "<group>"; };
		8AEAC73A255C294100878D00 /* ViewController.swift */ = {isa = PBXFileReference; lastKnownFileType = sourcecode.swift; path = ViewController.swift; sourceTree = "<group>"; };
		8AEAC73D255C294100878D00 /* Base */ = {isa = PBXFileReference; lastKnownFileType = file.storyboard; name = Base; path = Base.lproj/Main.storyboard; sourceTree = "<group>"; };
		8AEAC73F255C294300878D00 /* Assets.xcassets */ = {isa = PBXFileReference; lastKnownFileType = folder.assetcatalog; path = Assets.xcassets; sourceTree = "<group>"; };
		8AEAC742255C294300878D00 /* Base */ = {isa = PBXFileReference; lastKnownFileType = file.storyboard; name = Base; path = Base.lproj/LaunchScreen.storyboard; sourceTree = "<group>"; };
		8AEAC744255C294300878D00 /* Info.plist */ = {isa = PBXFileReference; lastKnownFileType = text.plist.xml; path = Info.plist; sourceTree = "<group>"; };
/* End PBXFileReference section */

/* Begin PBXFrameworksBuildPhase section */
		8AEAC730255C294100878D00 /* Frameworks */ = {
			isa = PBXFrameworksBuildPhase;
			buildActionMask = 2147483647;
			files = (
			);
			runOnlyForDeploymentPostprocessing = 0;
		};
/* End PBXFrameworksBuildPhase section */

/* Begin PBXGroup section */
		8AEAC72A255C294100878D00 = {
			isa = PBXGroup;
			children = (
				8AEAC735255C294100878D00 /* Telegramme */,
				8AEAC734255C294100878D00 /* Products */,
			);
			sourceTree = "<group>";
		};
		8AEAC734255C294100878D00 /* Products */ = {
			isa = PBXGroup;
			children = (
				8AEAC733255C294100878D00 /* Telegramme.app */,
			);
			name = Products;
			sourceTree = "<group>";
		};
		8AEAC735255C294100878D00 /* Telegramme */ = {
			isa = PBXGroup;
			children = (
				8AEAC736255C294100878D00 /* AppDelegate.swift */,
				8ABB2649256CA48600095982 /* ContactController.swift */,
				8AEAC738255C294100878D00 /* SceneDelegate.swift */,
				8AEAC73A255C294100878D00 /* ViewController.swift */,
				8AEAC73C255C294100878D00 /* Main.storyboard */,
				8A3E7396255C2E150044EEFA /* Content.storyboard */,
				8A4909EB255CC2D30047F21E /* Contact.swift */,
				8A3E7399255C30F30044EEFA /* AddContactViewController.swift */,
				8ABB2645256CA05000095982 /* Telegramme.xcdatamodeld */,
				8AD389BB256F4A0C0011308D /* Message.swift */,
				8AD389B5256F49450011308D /* FriendController.swift */,
				8AD389B8256F49930011308D /* Friend.swift */,
				8AEAC73F255C294300878D00 /* Assets.xcassets */,
				8AEAC741255C294300878D00 /* LaunchScreen.storyboard */,
				8AEAC744255C294300878D00 /* Info.plist */,
				8A4909F2255CC6E60047F21E /* ShowContactViewController.swift */,
			);
			path = Telegramme;
			sourceTree = "<group>";
		};
/* End PBXGroup section */

/* Begin PBXNativeTarget section */
		8AEAC732255C294100878D00 /* Telegramme */ = {
			isa = PBXNativeTarget;
			buildConfigurationList = 8AEAC747255C294300878D00 /* Build configuration list for PBXNativeTarget "Telegramme" */;
			buildPhases = (
				8AEAC72F255C294100878D00 /* Sources */,
				8AEAC730255C294100878D00 /* Frameworks */,
				8AEAC731255C294100878D00 /* Resources */,
			);
			buildRules = (
			);
			dependencies = (
			);
			name = Telegramme;
			productName = Telegramme;
			productReference = 8AEAC733255C294100878D00 /* Telegramme.app */;
			productType = "com.apple.product-type.application";
		};
/* End PBXNativeTarget section */

/* Begin PBXProject section */
		8AEAC72B255C294100878D00 /* Project object */ = {
			isa = PBXProject;
			attributes = {
				LastSwiftUpdateCheck = 1210;
				LastUpgradeCheck = 1210;
				TargetAttributes = {
					8AEAC732255C294100878D00 = {
						CreatedOnToolsVersion = 12.1;
					};
				};
			};
			buildConfigurationList = 8AEAC72E255C294100878D00 /* Build configuration list for PBXProject "Telegramme" */;
			compatibilityVersion = "Xcode 9.3";
			developmentRegion = en;
			hasScannedForEncodings = 0;
			knownRegions = (
				en,
				Base,
			);
			mainGroup = 8AEAC72A255C294100878D00;
			productRefGroup = 8AEAC734255C294100878D00 /* Products */;
			projectDirPath = "";
			projectRoot = "";
			targets = (
				8AEAC732255C294100878D00 /* Telegramme */,
			);
		};
/* End PBXProject section */

/* Begin PBXResourcesBuildPhase section */
		8AEAC731255C294100878D00 /* Resources */ = {
			isa = PBXResourcesBuildPhase;
			buildActionMask = 2147483647;
			files = (
				8A3E7397255C2E150044EEFA /* Content.storyboard in Resources */,
				8AEAC743255C294300878D00 /* LaunchScreen.storyboard in Resources */,
				8AEAC740255C294300878D00 /* Assets.xcassets in Resources */,
				8AEAC73E255C294100878D00 /* Main.storyboard in Resources */,
			);
			runOnlyForDeploymentPostprocessing = 0;
		};
/* End PBXResourcesBuildPhase section */

/* Begin PBXSourcesBuildPhase section */
		8AEAC72F255C294100878D00 /* Sources */ = {
			isa = PBXSourcesBuildPhase;
			buildActionMask = 2147483647;
			files = (
				8AEAC73B255C294100878D00 /* ViewController.swift in Sources */,
				8A3E739A255C30F30044EEFA /* AddContactViewController.swift in Sources */,
				8ABB264A256CA48600095982 /* ContactController.swift in Sources */,
				8A4909EC255CC2D30047F21E /* Contact.swift in Sources */,
				8AEAC737255C294100878D00 /* AppDelegate.swift in Sources */,
				8A4909F3255CC6E60047F21E /* ShowContactViewController.swift in Sources */,
				8AD389BC256F4A0C0011308D /* Message.swift in Sources */,
				8ABB2647256CA05000095982 /* Telegramme.xcdatamodeld in Sources */,
				8AD389B9256F49930011308D /* Friend.swift in Sources */,
				8AD389B6256F49450011308D /* FriendController.swift in Sources */,
				8AEAC739255C294100878D00 /* SceneDelegate.swift in Sources */,
			);
			runOnlyForDeploymentPostprocessing = 0;
		};
/* End PBXSourcesBuildPhase section */

/* Begin PBXVariantGroup section */
		8AEAC73C255C294100878D00 /* Main.storyboard */ = {
			isa = PBXVariantGroup;
			children = (
				8AEAC73D255C294100878D00 /* Base */,
			);
			name = Main.storyboard;
			sourceTree = "<group>";
		};
		8AEAC741255C294300878D00 /* LaunchScreen.storyboard */ = {
			isa = PBXVariantGroup;
			children = (
				8AEAC742255C294300878D00 /* Base */,
			);
			name = LaunchScreen.storyboard;
			sourceTree = "<group>";
		};
/* End PBXVariantGroup section */

/* Begin XCBuildConfiguration section */
		8AEAC745255C294300878D00 /* Debug */ = {
			isa = XCBuildConfiguration;
			buildSettings = {
				ALWAYS_SEARCH_USER_PATHS = NO;
				CLANG_ANALYZER_NONNULL = YES;
				CLANG_ANALYZER_NUMBER_OBJECT_CONVERSION = YES_AGGRESSIVE;
				CLANG_CXX_LANGUAGE_STANDARD = "gnu++14";
				CLANG_CXX_LIBRARY = "libc++";
				CLANG_ENABLE_MODULES = YES;
				CLANG_ENABLE_OBJC_ARC = YES;
				CLANG_ENABLE_OBJC_WEAK = YES;
				CLANG_WARN_BLOCK_CAPTURE_AUTORELEASING = YES;
				CLANG_WARN_BOOL_CONVERSION = YES;
				CLANG_WARN_COMMA = YES;
				CLANG_WARN_CONSTANT_CONVERSION = YES;
				CLANG_WARN_DEPRECATED_OBJC_IMPLEMENTATIONS = YES;
				CLANG_WARN_DIRECT_OBJC_ISA_USAGE = YES_ERROR;
				CLANG_WARN_DOCUMENTATION_COMMENTS = YES;
				CLANG_WARN_EMPTY_BODY = YES;
				CLANG_WARN_ENUM_CONVERSION = YES;
				CLANG_WARN_INFINITE_RECURSION = YES;
				CLANG_WARN_INT_CONVERSION = YES;
				CLANG_WARN_NON_LITERAL_NULL_CONVERSION = YES;
				CLANG_WARN_OBJC_IMPLICIT_RETAIN_SELF = YES;
				CLANG_WARN_OBJC_LITERAL_CONVERSION = YES;
				CLANG_WARN_OBJC_ROOT_CLASS = YES_ERROR;
				CLANG_WARN_QUOTED_INCLUDE_IN_FRAMEWORK_HEADER = YES;
				CLANG_WARN_RANGE_LOOP_ANALYSIS = YES;
				CLANG_WARN_STRICT_PROTOTYPES = YES;
				CLANG_WARN_SUSPICIOUS_MOVE = YES;
				CLANG_WARN_UNGUARDED_AVAILABILITY = YES_AGGRESSIVE;
				CLANG_WARN_UNREACHABLE_CODE = YES;
				CLANG_WARN__DUPLICATE_METHOD_MATCH = YES;
				COPY_PHASE_STRIP = NO;
				DEBUG_INFORMATION_FORMAT = dwarf;
				ENABLE_STRICT_OBJC_MSGSEND = YES;
				ENABLE_TESTABILITY = YES;
				GCC_C_LANGUAGE_STANDARD = gnu11;
				GCC_DYNAMIC_NO_PIC = NO;
				GCC_NO_COMMON_BLOCKS = YES;
				GCC_OPTIMIZATION_LEVEL = 0;
				GCC_PREPROCESSOR_DEFINITIONS = (
					"DEBUG=1",
					"$(inherited)",
				);
				GCC_WARN_64_TO_32_BIT_CONVERSION = YES;
				GCC_WARN_ABOUT_RETURN_TYPE = YES_ERROR;
				GCC_WARN_UNDECLARED_SELECTOR = YES;
				GCC_WARN_UNINITIALIZED_AUTOS = YES_AGGRESSIVE;
				GCC_WARN_UNUSED_FUNCTION = YES;
				GCC_WARN_UNUSED_VARIABLE = YES;
				IPHONEOS_DEPLOYMENT_TARGET = 14.1;
				MTL_ENABLE_DEBUG_INFO = INCLUDE_SOURCE;
				MTL_FAST_MATH = YES;
				ONLY_ACTIVE_ARCH = YES;
				SDKROOT = iphoneos;
				SWIFT_ACTIVE_COMPILATION_CONDITIONS = DEBUG;
				SWIFT_OPTIMIZATION_LEVEL = "-Onone";
			};
			name = Debug;
		};
		8AEAC746255C294300878D00 /* Release */ = {
			isa = XCBuildConfiguration;
			buildSettings = {
				ALWAYS_SEARCH_USER_PATHS = NO;
				CLANG_ANALYZER_NONNULL = YES;
				CLANG_ANALYZER_NUMBER_OBJECT_CONVERSION = YES_AGGRESSIVE;
				CLANG_CXX_LANGUAGE_STANDARD = "gnu++14";
				CLANG_CXX_LIBRARY = "libc++";
				CLANG_ENABLE_MODULES = YES;
				CLANG_ENABLE_OBJC_ARC = YES;
				CLANG_ENABLE_OBJC_WEAK = YES;
				CLANG_WARN_BLOCK_CAPTURE_AUTORELEASING = YES;
				CLANG_WARN_BOOL_CONVERSION = YES;
				CLANG_WARN_COMMA = YES;
				CLANG_WARN_CONSTANT_CONVERSION = YES;
				CLANG_WARN_DEPRECATED_OBJC_IMPLEMENTATIONS = YES;
				CLANG_WARN_DIRECT_OBJC_ISA_USAGE = YES_ERROR;
				CLANG_WARN_DOCUMENTATION_COMMENTS = YES;
				CLANG_WARN_EMPTY_BODY = YES;
				CLANG_WARN_ENUM_CONVERSION = YES;
				CLANG_WARN_INFINITE_RECURSION = YES;
				CLANG_WARN_INT_CONVERSION = YES;
				CLANG_WARN_NON_LITERAL_NULL_CONVERSION = YES;
				CLANG_WARN_OBJC_IMPLICIT_RETAIN_SELF = YES;
				CLANG_WARN_OBJC_LITERAL_CONVERSION = YES;
				CLANG_WARN_OBJC_ROOT_CLASS = YES_ERROR;
				CLANG_WARN_QUOTED_INCLUDE_IN_FRAMEWORK_HEADER = YES;
				CLANG_WARN_RANGE_LOOP_ANALYSIS = YES;
				CLANG_WARN_STRICT_PROTOTYPES = YES;
				CLANG_WARN_SUSPICIOUS_MOVE = YES;
				CLANG_WARN_UNGUARDED_AVAILABILITY = YES_AGGRESSIVE;
				CLANG_WARN_UNREACHABLE_CODE = YES;
				CLANG_WARN__DUPLICATE_METHOD_MATCH = YES;
				COPY_PHASE_STRIP = NO;
				DEBUG_INFORMATION_FORMAT = "dwarf-with-dsym";
				ENABLE_NS_ASSERTIONS = NO;
				ENABLE_STRICT_OBJC_MSGSEND = YES;
				GCC_C_LANGUAGE_STANDARD = gnu11;
				GCC_NO_COMMON_BLOCKS = YES;
				GCC_WARN_64_TO_32_BIT_CONVERSION = YES;
				GCC_WARN_ABOUT_RETURN_TYPE = YES_ERROR;
				GCC_WARN_UNDECLARED_SELECTOR = YES;
				GCC_WARN_UNINITIALIZED_AUTOS = YES_AGGRESSIVE;
				GCC_WARN_UNUSED_FUNCTION = YES;
				GCC_WARN_UNUSED_VARIABLE = YES;
				IPHONEOS_DEPLOYMENT_TARGET = 14.1;
				MTL_ENABLE_DEBUG_INFO = NO;
				MTL_FAST_MATH = YES;
				SDKROOT = iphoneos;
				SWIFT_COMPILATION_MODE = wholemodule;
				SWIFT_OPTIMIZATION_LEVEL = "-O";
				VALIDATE_PRODUCT = YES;
			};
			name = Release;
		};
		8AEAC748255C294300878D00 /* Debug */ = {
			isa = XCBuildConfiguration;
			buildSettings = {
				ASSETCATALOG_COMPILER_APPICON_NAME = AppIcon;
				ASSETCATALOG_COMPILER_GLOBAL_ACCENT_COLOR_NAME = AccentColor;
				CODE_SIGN_STYLE = Automatic;
				INFOPLIST_FILE = Telegramme/Info.plist;
				LD_RUNPATH_SEARCH_PATHS = (
					"$(inherited)",
					"@executable_path/Frameworks",
				);
				PRODUCT_BUNDLE_IDENTIFIER = sg.mad2.Telegramme;
				PRODUCT_NAME = "$(TARGET_NAME)";
				SWIFT_VERSION = 5.0;
				TARGETED_DEVICE_FAMILY = "1,2";
			};
			name = Debug;
		};
		8AEAC749255C294300878D00 /* Release */ = {
			isa = XCBuildConfiguration;
			buildSettings = {
				ASSETCATALOG_COMPILER_APPICON_NAME = AppIcon;
				ASSETCATALOG_COMPILER_GLOBAL_ACCENT_COLOR_NAME = AccentColor;
				CODE_SIGN_STYLE = Automatic;
				INFOPLIST_FILE = Telegramme/Info.plist;
				LD_RUNPATH_SEARCH_PATHS = (
					"$(inherited)",
					"@executable_path/Frameworks",
				);
				PRODUCT_BUNDLE_IDENTIFIER = sg.mad2.Telegramme;
				PRODUCT_NAME = "$(TARGET_NAME)";
				SWIFT_VERSION = 5.0;
				TARGETED_DEVICE_FAMILY = "1,2";
			};
			name = Release;
		};
/* End XCBuildConfiguration section */

/* Begin XCConfigurationList section */
		8AEAC72E255C294100878D00 /* Build configuration list for PBXProject "Telegramme" */ = {
			isa = XCConfigurationList;
			buildConfigurations = (
				8AEAC745255C294300878D00 /* Debug */,
				8AEAC746255C294300878D00 /* Release */,
			);
			defaultConfigurationIsVisible = 0;
			defaultConfigurationName = Release;
		};
		8AEAC747255C294300878D00 /* Build configuration list for PBXNativeTarget "Telegramme" */ = {
			isa = XCConfigurationList;
			buildConfigurations = (
				8AEAC748255C294300878D00 /* Debug */,
				8AEAC749255C294300878D00 /* Release */,
			);
			defaultConfigurationIsVisible = 0;
			defaultConfigurationName = Release;
		};
/* End XCConfigurationList section */

/* Begin XCVersionGroup section */
		8ABB2645256CA05000095982 /* Telegramme.xcdatamodeld */ = {
			isa = XCVersionGroup;
			children = (
				8ABB2646256CA05000095982 /* Telegramme.xcdatamodel */,
			);
			currentVersion = 8ABB2646256CA05000095982 /* Telegramme.xcdatamodel */;
			path = Telegramme.xcdatamodeld;
			sourceTree = "<group>";
			versionGroupType = wrapper.xcdatamodel;
		};
/* End XCVersionGroup section */
	};
	rootObject = 8AEAC72B255C294100878D00 /* Project object */;
}
